// !$*UTF8*$!
{
	archiveVersion = 1;
	classes = {
	};
	objectVersion = 46;
	objects = {

/* Begin PBXBuildFile section */
		8A2EA67B1BECCF680091800E /* SMDataController.m in Sources */ = {isa = PBXBuildFile; fileRef = 8A2EA67A1BECCF680091800E /* SMDataController.m */; };
		8A2EA69A1BECE3930091800E /* SMPresentation+CoreDataProperties.m in Sources */ = {isa = PBXBuildFile; fileRef = 8A2EA68F1BECE3930091800E /* SMPresentation+CoreDataProperties.m */; };
		8A2EA69B1BECE3930091800E /* SMPresentation.m in Sources */ = {isa = PBXBuildFile; fileRef = 8A2EA6911BECE3930091800E /* SMPresentation.m */; };
		8A2EA69C1BECE3930091800E /* SMSpeaker+CoreDataProperties.m in Sources */ = {isa = PBXBuildFile; fileRef = 8A2EA6931BECE3930091800E /* SMSpeaker+CoreDataProperties.m */; };
		8A2EA69D1BECE3930091800E /* SMSpeaker.m in Sources */ = {isa = PBXBuildFile; fileRef = 8A2EA6951BECE3930091800E /* SMSpeaker.m */; };
		8A2EA69E1BECE3930091800E /* SMConference+CoreDataProperties.m in Sources */ = {isa = PBXBuildFile; fileRef = 8A2EA6971BECE3930091800E /* SMConference+CoreDataProperties.m */; };
		8A2EA69F1BECE3930091800E /* SMConference.m in Sources */ = {isa = PBXBuildFile; fileRef = 8A2EA6991BECE3930091800E /* SMConference.m */; };
		8A6F2ECA1BF117AC009BFAC3 /* SMSpeakerDeailsViewController.m in Sources */ = {isa = PBXBuildFile; fileRef = 8A6F2EC91BF117AC009BFAC3 /* SMSpeakerDeailsViewController.m */; };
		8AB3CE671BF21D9400F484AA /* SMAddNewSpeakerViewController.m in Sources */ = {isa = PBXBuildFile; fileRef = 8AB3CE661BF21D9400F484AA /* SMAddNewSpeakerViewController.m */; };
		8AB3CE6A1BF2329900F484AA /* SMAddNewPresentationViewController.m in Sources */ = {isa = PBXBuildFile; fileRef = 8AB3CE691BF2329900F484AA /* SMAddNewPresentationViewController.m */; };
		8AB3CE6D1BF2573900F484AA /* SMPresentationDetailsViewController.m in Sources */ = {isa = PBXBuildFile; fileRef = 8AB3CE6C1BF2573900F484AA /* SMPresentationDetailsViewController.m */; };
		8AB53FF41BEBA641007A1208 /* main.m in Sources */ = {isa = PBXBuildFile; fileRef = 8AB53FF31BEBA641007A1208 /* main.m */; };
		8AB53FF71BEBA641007A1208 /* SMAppDelegate.m in Sources */ = {isa = PBXBuildFile; fileRef = 8AB53FF61BEBA641007A1208 /* SMAppDelegate.m */; };
		8AB53FFA1BEBA641007A1208 /* SMSpeakersViewController.m in Sources */ = {isa = PBXBuildFile; fileRef = 8AB53FF91BEBA641007A1208 /* SMSpeakersViewController.m */; };
		8AB53FFD1BEBA641007A1208 /* Main.storyboard in Resources */ = {isa = PBXBuildFile; fileRef = 8AB53FFB1BEBA641007A1208 /* Main.storyboard */; };
		8AB53FFF1BEBA641007A1208 /* Assets.xcassets in Resources */ = {isa = PBXBuildFile; fileRef = 8AB53FFE1BEBA641007A1208 /* Assets.xcassets */; };
		8AB540021BEBA641007A1208 /* LaunchScreen.storyboard in Resources */ = {isa = PBXBuildFile; fileRef = 8AB540001BEBA641007A1208 /* LaunchScreen.storyboard */; };
		8AE596361BEBAC040093AF75 /* SpeakersManagerDataModel.xcdatamodeld in Sources */ = {isa = PBXBuildFile; fileRef = 8AE596341BEBAC030093AF75 /* SpeakersManagerDataModel.xcdatamodeld */; };
/* End PBXBuildFile section */

/* Begin PBXFileReference section */
		8A2EA6791BECCF680091800E /* SMDataController.h */ = {isa = PBXFileReference; fileEncoding = 4; lastKnownFileType = sourcecode.c.h; path = SMDataController.h; sourceTree = "<group>"; };
		8A2EA67A1BECCF680091800E /* SMDataController.m */ = {isa = PBXFileReference; fileEncoding = 4; lastKnownFileType = sourcecode.c.objc; path = SMDataController.m; sourceTree = "<group>"; };
		8A2EA68E1BECE3930091800E /* SMPresentation+CoreDataProperties.h */ = {isa = PBXFileReference; fileEncoding = 4; lastKnownFileType = sourcecode.c.h; path = "SMPresentation+CoreDataProperties.h"; sourceTree = "<group>"; };
		8A2EA68F1BECE3930091800E /* SMPresentation+CoreDataProperties.m */ = {isa = PBXFileReference; fileEncoding = 4; lastKnownFileType = sourcecode.c.objc; path = "SMPresentation+CoreDataProperties.m"; sourceTree = "<group>"; };
		8A2EA6901BECE3930091800E /* SMPresentation.h */ = {isa = PBXFileReference; fileEncoding = 4; lastKnownFileType = sourcecode.c.h; path = SMPresentation.h; sourceTree = "<group>"; };
		8A2EA6911BECE3930091800E /* SMPresentation.m */ = {isa = PBXFileReference; fileEncoding = 4; lastKnownFileType = sourcecode.c.objc; path = SMPresentation.m; sourceTree = "<group>"; };
		8A2EA6921BECE3930091800E /* SMSpeaker+CoreDataProperties.h */ = {isa = PBXFileReference; fileEncoding = 4; lastKnownFileType = sourcecode.c.h; path = "SMSpeaker+CoreDataProperties.h"; sourceTree = "<group>"; };
		8A2EA6931BECE3930091800E /* SMSpeaker+CoreDataProperties.m */ = {isa = PBXFileReference; fileEncoding = 4; lastKnownFileType = sourcecode.c.objc; path = "SMSpeaker+CoreDataProperties.m"; sourceTree = "<group>"; };
		8A2EA6941BECE3930091800E /* SMSpeaker.h */ = {isa = PBXFileReference; fileEncoding = 4; lastKnownFileType = sourcecode.c.h; path = SMSpeaker.h; sourceTree = "<group>"; };
		8A2EA6951BECE3930091800E /* SMSpeaker.m */ = {isa = PBXFileReference; fileEncoding = 4; lastKnownFileType = sourcecode.c.objc; path = SMSpeaker.m; sourceTree = "<group>"; };
		8A2EA6961BECE3930091800E /* SMConference+CoreDataProperties.h */ = {isa = PBXFileReference; fileEncoding = 4; lastKnownFileType = sourcecode.c.h; path = "SMConference+CoreDataProperties.h"; sourceTree = "<group>"; };
		8A2EA6971BECE3930091800E /* SMConference+CoreDataProperties.m */ = {isa = PBXFileReference; fileEncoding = 4; lastKnownFileType = sourcecode.c.objc; path = "SMConference+CoreDataProperties.m"; sourceTree = "<group>"; };
		8A2EA6981BECE3930091800E /* SMConference.h */ = {isa = PBXFileReference; fileEncoding = 4; lastKnownFileType = sourcecode.c.h; path = SMConference.h; sourceTree = "<group>"; };
		8A2EA6991BECE3930091800E /* SMConference.m */ = {isa = PBXFileReference; fileEncoding = 4; lastKnownFileType = sourcecode.c.objc; path = SMConference.m; sourceTree = "<group>"; };
		8A6F2EC81BF117AC009BFAC3 /* SMSpeakerDeailsViewController.h */ = {isa = PBXFileReference; fileEncoding = 4; lastKnownFileType = sourcecode.c.h; path = SMSpeakerDeailsViewController.h; sourceTree = "<group>"; };
		8A6F2EC91BF117AC009BFAC3 /* SMSpeakerDeailsViewController.m */ = {isa = PBXFileReference; fileEncoding = 4; lastKnownFileType = sourcecode.c.objc; path = SMSpeakerDeailsViewController.m; sourceTree = "<group>"; };
		8AB3CE651BF21D9400F484AA /* SMAddNewSpeakerViewController.h */ = {isa = PBXFileReference; fileEncoding = 4; lastKnownFileType = sourcecode.c.h; path = SMAddNewSpeakerViewController.h; sourceTree = "<group>"; };
		8AB3CE661BF21D9400F484AA /* SMAddNewSpeakerViewController.m */ = {isa = PBXFileReference; fileEncoding = 4; lastKnownFileType = sourcecode.c.objc; path = SMAddNewSpeakerViewController.m; sourceTree = "<group>"; };
		8AB3CE681BF2329900F484AA /* SMAddNewPresentationViewController.h */ = {isa = PBXFileReference; fileEncoding = 4; lastKnownFileType = sourcecode.c.h; path = SMAddNewPresentationViewController.h; sourceTree = "<group>"; };
		8AB3CE691BF2329900F484AA /* SMAddNewPresentationViewController.m */ = {isa = PBXFileReference; fileEncoding = 4; lastKnownFileType = sourcecode.c.objc; path = SMAddNewPresentationViewController.m; sourceTree = "<group>"; };
		8AB3CE6B1BF2573900F484AA /* SMPresentationDetailsViewController.h */ = {isa = PBXFileReference; fileEncoding = 4; lastKnownFileType = sourcecode.c.h; path = SMPresentationDetailsViewController.h; sourceTree = "<group>"; };
		8AB3CE6C1BF2573900F484AA /* SMPresentationDetailsViewController.m */ = {isa = PBXFileReference; fileEncoding = 4; lastKnownFileType = sourcecode.c.objc; path = SMPresentationDetailsViewController.m; sourceTree = "<group>"; };
		8AB53FEF1BEBA641007A1208 /* GDGTernopilSpeakersManager.app */ = {isa = PBXFileReference; explicitFileType = wrapper.application; includeInIndex = 0; path = GDGTernopilSpeakersManager.app; sourceTree = BUILT_PRODUCTS_DIR; };
		8AB53FF31BEBA641007A1208 /* main.m */ = {isa = PBXFileReference; lastKnownFileType = sourcecode.c.objc; path = main.m; sourceTree = "<group>"; };
		8AB53FF51BEBA641007A1208 /* SMAppDelegate.h */ = {isa = PBXFileReference; lastKnownFileType = sourcecode.c.h; path = SMAppDelegate.h; sourceTree = "<group>"; };
		8AB53FF61BEBA641007A1208 /* SMAppDelegate.m */ = {isa = PBXFileReference; lastKnownFileType = sourcecode.c.objc; path = SMAppDelegate.m; sourceTree = "<group>"; };
		8AB53FF81BEBA641007A1208 /* SMSpeakersViewController.h */ = {isa = PBXFileReference; lastKnownFileType = sourcecode.c.h; path = SMSpeakersViewController.h; sourceTree = "<group>"; };
		8AB53FF91BEBA641007A1208 /* SMSpeakersViewController.m */ = {isa = PBXFileReference; lastKnownFileType = sourcecode.c.objc; path = SMSpeakersViewController.m; sourceTree = "<group>"; };
		8AB53FFC1BEBA641007A1208 /* Base */ = {isa = PBXFileReference; lastKnownFileType = file.storyboard; name = Base; path = Base.lproj/Main.storyboard; sourceTree = "<group>"; };
		8AB53FFE1BEBA641007A1208 /* Assets.xcassets */ = {isa = PBXFileReference; lastKnownFileType = folder.assetcatalog; path = Assets.xcassets; sourceTree = "<group>"; };
		8AB540011BEBA641007A1208 /* Base */ = {isa = PBXFileReference; lastKnownFileType = file.storyboard; name = Base; path = Base.lproj/LaunchScreen.storyboard; sourceTree = "<group>"; };
		8AB540031BEBA641007A1208 /* Info.plist */ = {isa = PBXFileReference; lastKnownFileType = text.plist.xml; path = Info.plist; sourceTree = "<group>"; };
		8AE596351BEBAC040093AF75 /* SpeakersManagerDataModel.xcdatamodel */ = {isa = PBXFileReference; lastKnownFileType = wrapper.xcdatamodel; path = SpeakersManagerDataModel.xcdatamodel; sourceTree = "<group>"; };
/* End PBXFileReference section */

/* Begin PBXFrameworksBuildPhase section */
		8AB53FEC1BEBA641007A1208 /* Frameworks */ = {
			isa = PBXFrameworksBuildPhase;
			buildActionMask = 2147483647;
			files = (
			);
			runOnlyForDeploymentPostprocessing = 0;
		};
/* End PBXFrameworksBuildPhase section */

/* Begin PBXGroup section */
		8A2EA6A01BECE39A0091800E /* NSManagedObjectSubclasses */ = {
			isa = PBXGroup;
			children = (
				8A2EA68E1BECE3930091800E /* SMPresentation+CoreDataProperties.h */,
				8A2EA68F1BECE3930091800E /* SMPresentation+CoreDataProperties.m */,
				8A2EA6901BECE3930091800E /* SMPresentation.h */,
				8A2EA6911BECE3930091800E /* SMPresentation.m */,
				8A2EA6921BECE3930091800E /* SMSpeaker+CoreDataProperties.h */,
				8A2EA6931BECE3930091800E /* SMSpeaker+CoreDataProperties.m */,
				8A2EA6941BECE3930091800E /* SMSpeaker.h */,
				8A2EA6951BECE3930091800E /* SMSpeaker.m */,
				8A2EA6961BECE3930091800E /* SMConference+CoreDataProperties.h */,
				8A2EA6971BECE3930091800E /* SMConference+CoreDataProperties.m */,
				8A2EA6981BECE3930091800E /* SMConference.h */,
				8A2EA6991BECE3930091800E /* SMConference.m */,
			);
			name = NSManagedObjectSubclasses;
			sourceTree = "<group>";
		};
		8A6F2EC61BF11504009BFAC3 /* Controller */ = {
			isa = PBXGroup;
			children = (
				8AB53FF81BEBA641007A1208 /* SMSpeakersViewController.h */,
				8AB53FF91BEBA641007A1208 /* SMSpeakersViewController.m */,
				8A6F2EC81BF117AC009BFAC3 /* SMSpeakerDeailsViewController.h */,
				8A6F2EC91BF117AC009BFAC3 /* SMSpeakerDeailsViewController.m */,
				8AB3CE651BF21D9400F484AA /* SMAddNewSpeakerViewController.h */,
				8AB3CE661BF21D9400F484AA /* SMAddNewSpeakerViewController.m */,
				8AB3CE681BF2329900F484AA /* SMAddNewPresentationViewController.h */,
				8AB3CE691BF2329900F484AA /* SMAddNewPresentationViewController.m */,
				8AB3CE6B1BF2573900F484AA /* SMPresentationDetailsViewController.h */,
				8AB3CE6C1BF2573900F484AA /* SMPresentationDetailsViewController.m */,
			);
			name = Controller;
			sourceTree = "<group>";
		};
		8A6F2EC71BF11515009BFAC3 /* Database */ = {
			isa = PBXGroup;
			children = (
				8A2EA6791BECCF680091800E /* SMDataController.h */,
				8A2EA67A1BECCF680091800E /* SMDataController.m */,
				8AE596341BEBAC030093AF75 /* SpeakersManagerDataModel.xcdatamodeld */,
				8A2EA6A01BECE39A0091800E /* NSManagedObjectSubclasses */,
			);
			name = Database;
			sourceTree = "<group>";
		};
		8AB53FE61BEBA641007A1208 = {
			isa = PBXGroup;
			children = (
				8AB53FF11BEBA641007A1208 /* GDGTernopilSpeakersManager */,
				8AB53FF01BEBA641007A1208 /* Products */,
			);
			sourceTree = "<group>";
		};
		8AB53FF01BEBA641007A1208 /* Products */ = {
			isa = PBXGroup;
			children = (
				8AB53FEF1BEBA641007A1208 /* GDGTernopilSpeakersManager.app */,
			);
			name = Products;
			sourceTree = "<group>";
		};
		8AB53FF11BEBA641007A1208 /* GDGTernopilSpeakersManager */ = {
			isa = PBXGroup;
			children = (
				8A6F2EC61BF11504009BFAC3 /* Controller */,
				8AB53FFB1BEBA641007A1208 /* Main.storyboard */,
				8A6F2EC71BF11515009BFAC3 /* Database */,
				8AB53FF21BEBA641007A1208 /* Supporting Files */,
			);
			path = GDGTernopilSpeakersManager;
			sourceTree = "<group>";
		};
		8AB53FF21BEBA641007A1208 /* Supporting Files */ = {
			isa = PBXGroup;
			children = (
				8AB53FF51BEBA641007A1208 /* SMAppDelegate.h */,
				8AB53FF61BEBA641007A1208 /* SMAppDelegate.m */,
				8AB53FFE1BEBA641007A1208 /* Assets.xcassets */,
				8AB540001BEBA641007A1208 /* LaunchScreen.storyboard */,
				8AB540031BEBA641007A1208 /* Info.plist */,
				8AB53FF31BEBA641007A1208 /* main.m */,
			);
			name = "Supporting Files";
			sourceTree = "<group>";
		};
/* End PBXGroup section */

/* Begin PBXNativeTarget section */
		8AB53FEE1BEBA641007A1208 /* GDGTernopilSpeakersManager */ = {
			isa = PBXNativeTarget;
			buildConfigurationList = 8AB540061BEBA641007A1208 /* Build configuration list for PBXNativeTarget "GDGTernopilSpeakersManager" */;
			buildPhases = (
				8AB53FEB1BEBA641007A1208 /* Sources */,
				8AB53FEC1BEBA641007A1208 /* Frameworks */,
				8AB53FED1BEBA641007A1208 /* Resources */,
			);
			buildRules = (
			);
			dependencies = (
			);
			name = GDGTernopilSpeakersManager;
			productName = GDGTernopilSpeakersManager;
			productReference = 8AB53FEF1BEBA641007A1208 /* GDGTernopilSpeakersManager.app */;
			productType = "com.apple.product-type.application";
		};
/* End PBXNativeTarget section */

/* Begin PBXProject section */
		8AB53FE71BEBA641007A1208 /* Project object */ = {
			isa = PBXProject;
			attributes = {
				LastUpgradeCheck = 0710;
				ORGANIZATIONNAME = "Yura Boyko";
				TargetAttributes = {
					8AB53FEE1BEBA641007A1208 = {
						CreatedOnToolsVersion = 7.1;
					};
				};
			};
			buildConfigurationList = 8AB53FEA1BEBA641007A1208 /* Build configuration list for PBXProject "GDGTernopilSpeakersManager" */;
			compatibilityVersion = "Xcode 3.2";
			developmentRegion = English;
			hasScannedForEncodings = 0;
			knownRegions = (
				en,
				Base,
			);
			mainGroup = 8AB53FE61BEBA641007A1208;
			productRefGroup = 8AB53FF01BEBA641007A1208 /* Products */;
			projectDirPath = "";
			projectRoot = "";
			targets = (
				8AB53FEE1BEBA641007A1208 /* GDGTernopilSpeakersManager */,
			);
		};
/* End PBXProject section */

/* Begin PBXResourcesBuildPhase section */
		8AB53FED1BEBA641007A1208 /* Resources */ = {
			isa = PBXResourcesBuildPhase;
			buildActionMask = 2147483647;
			files = (
				8AB540021BEBA641007A1208 /* LaunchScreen.storyboard in Resources */,
				8AB53FFF1BEBA641007A1208 /* Assets.xcassets in Resources */,
				8AB53FFD1BEBA641007A1208 /* Main.storyboard in Resources */,
			);
			runOnlyForDeploymentPostprocessing = 0;
		};
/* End PBXResourcesBuildPhase section */

/* Begin PBXSourcesBuildPhase section */
		8AB53FEB1BEBA641007A1208 /* Sources */ = {
			isa = PBXSourcesBuildPhase;
			buildActionMask = 2147483647;
			files = (
				8A2EA69B1BECE3930091800E /* SMPresentation.m in Sources */,
				8AB3CE671BF21D9400F484AA /* SMAddNewSpeakerViewController.m in Sources */,
				8AB53FFA1BEBA641007A1208 /* SMSpeakersViewController.m in Sources */,
				8A2EA69A1BECE3930091800E /* SMPresentation+CoreDataProperties.m in Sources */,
				8A2EA69F1BECE3930091800E /* SMConference.m in Sources */,
				8A2EA69D1BECE3930091800E /* SMSpeaker.m in Sources */,
				8AB53FF71BEBA641007A1208 /* SMAppDelegate.m in Sources */,
				8AB3CE6A1BF2329900F484AA /* SMAddNewPresentationViewController.m in Sources */,
				8A2EA69E1BECE3930091800E /* SMConference+CoreDataProperties.m in Sources */,
				8AB53FF41BEBA641007A1208 /* main.m in Sources */,
				8A6F2ECA1BF117AC009BFAC3 /* SMSpeakerDeailsViewController.m in Sources */,
				8A2EA67B1BECCF680091800E /* SMDataController.m in Sources */,
				8AB3CE6D1BF2573900F484AA /* SMPresentationDetailsViewController.m in Sources */,
				8AE596361BEBAC040093AF75 /* SpeakersManagerDataModel.xcdatamodeld in Sources */,
				8A2EA69C1BECE3930091800E /* SMSpeaker+CoreDataProperties.m in Sources */,
			);
			runOnlyForDeploymentPostprocessing = 0;
		};
/* End PBXSourcesBuildPhase section */

/* Begin PBXVariantGroup section */
		8AB53FFB1BEBA641007A1208 /* Main.storyboard */ = {
			isa = PBXVariantGroup;
			children = (
				8AB53FFC1BEBA641007A1208 /* Base */,
			);
			name = Main.storyboard;
			sourceTree = "<group>";
		};
		8AB540001BEBA641007A1208 /* LaunchScreen.storyboard */ = {
			isa = PBXVariantGroup;
			children = (
				8AB540011BEBA641007A1208 /* Base */,
			);
			name = LaunchScreen.storyboard;
			sourceTree = "<group>";
		};
/* End PBXVariantGroup section */

/* Begin XCBuildConfiguration section */
		8AB540041BEBA641007A1208 /* Debug */ = {
			isa = XCBuildConfiguration;
			buildSettings = {
				ALWAYS_SEARCH_USER_PATHS = NO;
				CLANG_CXX_LANGUAGE_STANDARD = "gnu++0x";
				CLANG_CXX_LIBRARY = "libc++";
				CLANG_ENABLE_MODULES = YES;
				CLANG_ENABLE_OBJC_ARC = YES;
				CLANG_WARN_BOOL_CONVERSION = YES;
				CLANG_WARN_CONSTANT_CONVERSION = YES;
				CLANG_WARN_DIRECT_OBJC_ISA_USAGE = YES_ERROR;
				CLANG_WARN_EMPTY_BODY = YES;
				CLANG_WARN_ENUM_CONVERSION = YES;
				CLANG_WARN_INT_CONVERSION = YES;
				CLANG_WARN_OBJC_ROOT_CLASS = YES_ERROR;
				CLANG_WARN_UNREACHABLE_CODE = YES;
				CLANG_WARN__DUPLICATE_METHOD_MATCH = YES;
				"CODE_SIGN_IDENTITY[sdk=iphoneos*]" = "iPhone Developer";
				COPY_PHASE_STRIP = NO;
				DEBUG_INFORMATION_FORMAT = dwarf;
				ENABLE_STRICT_OBJC_MSGSEND = YES;
				ENABLE_TESTABILITY = YES;
				GCC_C_LANGUAGE_STANDARD = gnu99;
				GCC_DYNAMIC_NO_PIC = NO;
				GCC_NO_COMMON_BLOCKS = YES;
				GCC_OPTIMIZATION_LEVEL = 0;
				GCC_PREPROCESSOR_DEFINITIONS = (
					"DEBUG=1",
					"$(inherited)",
				);
				GCC_WARN_64_TO_32_BIT_CONVERSION = YES;
				GCC_WARN_ABOUT_RETURN_TYPE = YES_ERROR;
				GCC_WARN_UNDECLARED_SELECTOR = YES;
				GCC_WARN_UNINITIALIZED_AUTOS = YES_AGGRESSIVE;
				GCC_WARN_UNUSED_FUNCTION = YES;
				GCC_WARN_UNUSED_VARIABLE = YES;
				IPHONEOS_DEPLOYMENT_TARGET = 9.1;
				MTL_ENABLE_DEBUG_INFO = YES;
				ONLY_ACTIVE_ARCH = YES;
				SDKROOT = iphoneos;
			};
			name = Debug;
		};
		8AB540051BEBA641007A1208 /* Release */ = {
			isa = XCBuildConfiguration;
			buildSettings = {
				ALWAYS_SEARCH_USER_PATHS = NO;
				CLANG_CXX_LANGUAGE_STANDARD = "gnu++0x";
				CLANG_CXX_LIBRARY = "libc++";
				CLANG_ENABLE_MODULES = YES;
				CLANG_ENABLE_OBJC_ARC = YES;
				CLANG_WARN_BOOL_CONVERSION = YES;
				CLANG_WARN_CONSTANT_CONVERSION = YES;
				CLANG_WARN_DIRECT_OBJC_ISA_USAGE = YES_ERROR;
				CLANG_WARN_EMPTY_BODY = YES;
				CLANG_WARN_ENUM_CONVERSION = YES;
				CLANG_WARN_INT_CONVERSION = YES;
				CLANG_WARN_OBJC_ROOT_CLASS = YES_ERROR;
				CLANG_WARN_UNREACHABLE_CODE = YES;
				CLANG_WARN__DUPLICATE_METHOD_MATCH = YES;
				"CODE_SIGN_IDENTITY[sdk=iphoneos*]" = "iPhone Developer";
				COPY_PHASE_STRIP = NO;
				DEBUG_INFORMATION_FORMAT = "dwarf-with-dsym";
				ENABLE_NS_ASSERTIONS = NO;
				ENABLE_STRICT_OBJC_MSGSEND = YES;
				GCC_C_LANGUAGE_STANDARD = gnu99;
				GCC_NO_COMMON_BLOCKS = YES;
				GCC_WARN_64_TO_32_BIT_CONVERSION = YES;
				GCC_WARN_ABOUT_RETURN_TYPE = YES_ERROR;
				GCC_WARN_UNDECLARED_SELECTOR = YES;
				GCC_WARN_UNINITIALIZED_AUTOS = YES_AGGRESSIVE;
				GCC_WARN_UNUSED_FUNCTION = YES;
				GCC_WARN_UNUSED_VARIABLE = YES;
				IPHONEOS_DEPLOYMENT_TARGET = 9.1;
				MTL_ENABLE_DEBUG_INFO = NO;
				SDKROOT = iphoneos;
				VALIDATE_PRODUCT = YES;
			};
			name = Release;
		};
		8AB540071BEBA641007A1208 /* Debug */ = {
			isa = XCBuildConfiguration;
			buildSettings = {
				ASSETCATALOG_COMPILER_APPICON_NAME = AppIcon;
				INFOPLIST_FILE = GDGTernopilSpeakersManager/Info.plist;
				IPHONEOS_DEPLOYMENT_TARGET = 8.3;
				LD_RUNPATH_SEARCH_PATHS = "$(inherited) @executable_path/Frameworks";
				PRODUCT_BUNDLE_IDENTIFIER = "Yura-Boyko.GDGTernopilSpeakersManager";
				PRODUCT_NAME = "$(TARGET_NAME)";
			};
			name = Debug;
		};
		8AB540081BEBA641007A1208 /* Release */ = {
			isa = XCBuildConfiguration;
			buildSettings = {
				ASSETCATALOG_COMPILER_APPICON_NAME = AppIcon;
				INFOPLIST_FILE = GDGTernopilSpeakersManager/Info.plist;
				IPHONEOS_DEPLOYMENT_TARGET = 8.3;
				LD_RUNPATH_SEARCH_PATHS = "$(inherited) @executable_path/Frameworks";
				PRODUCT_BUNDLE_IDENTIFIER = "Yura-Boyko.GDGTernopilSpeakersManager";
				PRODUCT_NAME = "$(TARGET_NAME)";
			};
			name = Release;
		};
/* End XCBuildConfiguration section */

/* Begin XCConfigurationList section */
		8AB53FEA1BEBA641007A1208 /* Build configuration list for PBXProject "GDGTernopilSpeakersManager" */ = {
			isa = XCConfigurationList;
			buildConfigurations = (
				8AB540041BEBA641007A1208 /* Debug */,
				8AB540051BEBA641007A1208 /* Release */,
			);
			defaultConfigurationIsVisible = 0;
			defaultConfigurationName = Release;
		};
		8AB540061BEBA641007A1208 /* Build configuration list for PBXNativeTarget "GDGTernopilSpeakersManager" */ = {
			isa = XCConfigurationList;
			buildConfigurations = (
				8AB540071BEBA641007A1208 /* Debug */,
				8AB540081BEBA641007A1208 /* Release */,
			);
			defaultConfigurationIsVisible = 0;
			defaultConfigurationName = Release;
		};
/* End XCConfigurationList section */

/* Begin XCVersionGroup section */
		8AE596341BEBAC030093AF75 /* SpeakersManagerDataModel.xcdatamodeld */ = {
			isa = XCVersionGroup;
			children = (
				8AE596351BEBAC040093AF75 /* SpeakersManagerDataModel.xcdatamodel */,
			);
			currentVersion = 8AE596351BEBAC040093AF75 /* SpeakersManagerDataModel.xcdatamodel */;
			path = SpeakersManagerDataModel.xcdatamodeld;
			sourceTree = "<group>";
			versionGroupType = wrapper.xcdatamodel;
		};
/* End XCVersionGroup section */
	};
	rootObject = 8AB53FE71BEBA641007A1208 /* Project object */;
}
